version = 1
revision = 3
requires-python = ">=3.12"

[[package]]
name = "daylog"
version = "0.1.0"
source = { virtual = "." }
dependencies = [
    { name = "progressbar2" },
    { name = "python-utils" },
    { name = "setuptools" },
    { name = "six" },
    { name = "tabulate" },
]

[package.metadata]
requires-dist = [
    { name = "progressbar2", specifier = "==3.53.1" },
    { name = "python-utils", specifier = "==2.5.6" },
    { name = "setuptools", specifier = ">=82.0.1" },
    { name = "six", specifier = "==1.15.0" },
    { name = "tabulate", specifier = "==0.9.0" },
]

[[package]]
name = "progressbar2"
version = "3.53.1"
source = { registry = "https://pypi.org/simple" }
dependencies = [
    { name = "python-utils" },
    { name = "six" },
]
sdist = { url = "https://files.pythonhosted.org/packages/3a/d2/657cc9f9a3a1b45370d8278dc66fa5be4b4e4ce6bef8977cecd4721a45c0/progressbar2-3.53.1.tar.gz", hash = "sha256:ef72be284e7f2b61ac0894b44165926f13f5d995b2bf3cd8a8dedc6224b255a7", size = 44741, upload-time = "2020-09-09T13:28:44.183Z" }
wheels = [
    { url = "https://files.pythonhosted.org/packages/25/8c/d28cd70b6e0b870a2d2a151bdbecf4c678199d31731edb44fc8035d3bb6d/progressbar2-3.53.1-py2.py3-none-any.whl", hash = "sha256:fe2738e7ecb7df52ad76307fe610c460c52b50f5335fd26c3ab80ff7655ba1e0", size = 25786, upload-time = "2020-09-09T13:28:47.026Z" },
]

[[package]]
name = "python-utils"
version = "2.5.6"
source = { registry = "https://pypi.org/simple" }
dependencies = [
    { name = "six" },
]
sdist = { url = "https://files.pythonhosted.org/packages/03/d8/3ad4dd157e5a36184df0280857bcaea60b13cb6e945e27ac3d8589f8c2a2/python-utils-2.5.6.tar.gz", hash = "sha256:352d5b1febeebf9b3cdb9f3c87a3b26ef22d3c9e274a8ec1e7048ecd2fac4349", size = 14057, upload-time = "2021-02-04T00:38:12.683Z" }
wheels = [
    { url = "https://files.pythonhosted.org/packages/62/47/974eb168d5012bc8841d4b5be10e345f3e706e25fa1661b68f193e16ca67/python_utils-2.5.6-py2.py3-none-any.whl", hash = "sha256:18fbc1a1df9a9061e3059a48ebe5c8a66b654d688b0e3ecca8b339a7f168f208", size = 12527, upload-time = "2021-02-04T00:38:15.167Z" },
]

[[package]]
name = "setuptools"
version = "82.0.1"
source = { registry = "https://pypi.org/simple" }
sdist = { url = "https://files.pythonhosted.org/packages/4f/db/cfac1baf10650ab4d1c111714410d2fbb77ac5a616db26775db562c8fab2/setuptools-82.0.1.tar.gz", hash = "sha256:7d872682c5d01cfde07da7bccc7b65469d3dca203318515ada1de5eda35efbf9", size = 1152316, upload-time = "2026-03-09T12:47:17.221Z" }
wheels = [
    { url = "https://files.pythonhosted.org/packages/9d/76/f789f7a86709c6b087c5a2f52f911838cad707cc613162401badc665acfe/setuptools-82.0.1-py3-none-any.whl", hash = "sha256:a59e362652f08dcd477c78bb6e7bd9d80a7995bc73ce773050228a348ce2e5bb", size = 1006223, upload-time = "2026-03-09T12:47:15.026Z" },
]

[[package]]
name = "six"
version = "1.15.0"
source = { registry = "https://pypi.org/simple" }
sdist = { url = "https://files.pythonhosted.org/packages/6b/34/415834bfdafca3c5f451532e8a8d9ba89a21c9743a0c59fbd0205c7f9426/six-1.15.0.tar.gz", hash = "sha256:30639c035cdb23534cd4aa2dd52c3bf48f06e5f4a941509c8bafd8ce11080259", size = 33917, upload-time = "2020-05-21T15:25:55.142Z" }
wheels = [
    { url = "https://files.pythonhosted.org/packages/ee/ff/48bde5c0f013094d729fe4b0316ba2a24774b3ff1c52d924a8a4cb04078a/six-1.15.0-py2.py3-none-any.whl", hash = "sha256:8b74bedcbbbaca38ff6d7491d76f2b06b3592611af620f8426e82dddb04a5ced", size = 10963, upload-time = "2020-05-21T15:25:54.177Z" },
]

[[package]]
name = "tabulate"
version = "0.9.0"
source = { registry = "https://pypi.org/simple" }
sdist = { url = "https://files.pythonhosted.org/packages/ec/fe/802052aecb21e3797b8f7902564ab6ea0d60ff8ca23952079064155d1ae1/tabulate-0.9.0.tar.gz", hash = "sha256:0095b12bf5966de529c0feb1fa08671671b3368eec77d7ef7ab114be2c068b3c", size = 81090, upload-time = "2022-10-06T17:21:48.54Z" }
wheels = [
    { url = "https://files.pythonhosted.org/packages/40/44/4a5f08c96eb108af5cb50b41f76142f0afa346dfa99d5296fe7202a11854/tabulate-0.9.0-py3-none-any.whl", hash = "sha256:024ca478df22e9340661486f85298cff5f6dcdba14f3813e8830015b9ed1948f", size = 35252, upload-time = "2022-10-06T17:21:44.262Z" },
]
